
Microsoft Visual Studio Solution File, Format Version 12.00
# Visual Studio 2013
VisualStudioVersion = 12.0.21005.1
MinimumVisualStudioVersion = 10.0.40219.1
Project("{FAE04EC0-301F-11D3-BF4B-00C04F79EFBC}") = "Tosan.TeamFoundation.Plugin.Core", "Tosan.TeamFoundation.Plugin\Tosan.TeamFoundation.Plugin.Core.csproj", "{DD610609-4316-4B3C-9968-30FF2B5BA393}"
EndProject
Project("{FAE04EC0-301F-11D3-BF4B-00C04F79EFBC}") = "Tosan.TeamFoundation.Plugins", "Tosan.TeamFoundation.Plugins\Tosan.TeamFoundation.Plugins.csproj", "{F5034276-5DED-4F16-843A-93BB1E359430}"
EndProject
Project("{FAE04EC0-301F-11D3-BF4B-00C04F79EFBC}") = "Tosan.TeamFoundation.Web.Service", "Tosan.TeamFoundation.Web.Service\Tosan.TeamFoundation.Web.Service.csproj", "{3E3FBC49-1B3C-4D45-9151-2A09A7334C51}"
EndProject
Project("{FAE04EC0-301F-11D3-BF4B-00C04F79EFBC}") = "Tosan.TeamFoundation.Job", "Tosan.TeamFoundation.Job\Tosan.TeamFoundation.Job.csproj", "{739FD707-082C-4B8F-A06B-969EE8AF8EEA}"
EndProject
Project("{FAE04EC0-301F-11D3-BF4B-00C04F79EFBC}") = "Tosan.TFSHelper", "Tosan.TFSHelper\Tosan.TFSHelper.csproj", "{A98D00CC-BF37-44EB-AFED-AB3B2AA0F9A6}"
EndProject
Global
	GlobalSection(TeamFoundationVersionControl) = preSolution
		SccNumberOfProjects = 6
		SccEnterpriseProvider = {4CA58AB2-18FA-4F8D-95D4-32DDF27D184C}
		SccTeamFoundationServer = http://isd-aps2:8080/tfs/isd-collection
		SccLocalPath0 = .
		SccProjectUniqueName1 = Tosan.TeamFoundation.Plugin\\Tosan.TeamFoundation.Plugin.Core.csproj
		SccProjectName1 = Tosan.TeamFoundation.Plugin
		SccLocalPath1 = Tosan.TeamFoundation.Plugin
		SccProjectUniqueName2 = Tosan.TeamFoundation.Plugins\\Tosan.TeamFoundation.Plugins.csproj
		SccProjectName2 = Tosan.TeamFoundation.Plugins
		SccLocalPath2 = Tosan.TeamFoundation.Plugins
		SccProjectUniqueName3 = Tosan.TeamFoundation.Web.Service\\Tosan.TeamFoundation.Web.Service.csproj
		SccProjectName3 = Tosan.TeamFoundation.Web.Service
		SccLocalPath3 = Tosan.TeamFoundation.Web.Service
		SccProjectUniqueName4 = Tosan.TeamFoundation.Job\\Tosan.TeamFoundation.Job.csproj
		SccProjectName4 = Tosan.TeamFoundation.Job
		SccLocalPath4 = Tosan.TeamFoundation.Job
		SccProjectUniqueName5 = Tosan.TFSHelper\\Tosan.TFSHelper.csproj
		SccProjectName5 = Tosan.TFSHelper
		SccLocalPath5 = Tosan.TFSHelper
	EndGlobalSection
	GlobalSection(SolutionConfigurationPlatforms) = preSolution
		Debug|Any CPU = Debug|Any CPU
		Release|Any CPU = Release|Any CPU
	EndGlobalSection
	GlobalSection(ProjectConfigurationPlatforms) = postSolution
		{DD610609-4316-4B3C-9968-30FF2B5BA393}.Debug|Any CPU.ActiveCfg = Debug|Any CPU
		{DD610609-4316-4B3C-9968-30FF2B5BA393}.Debug|Any CPU.Build.0 = Debug|Any CPU
		{DD610609-4316-4B3C-9968-30FF2B5BA393}.Release|Any CPU.ActiveCfg = Release|Any CPU
		{DD610609-4316-4B3C-9968-30FF2B5BA393}.Release|Any CPU.Build.0 = Release|Any CPU
		{F5034276-5DED-4F16-843A-93BB1E359430}.Debug|Any CPU.ActiveCfg = Debug|Any CPU
		{F5034276-5DED-4F16-843A-93BB1E359430}.Debug|Any CPU.Build.0 = Debug|Any CPU
		{F5034276-5DED-4F16-843A-93BB1E359430}.Release|Any CPU.ActiveCfg = Release|Any CPU
		{F5034276-5DED-4F16-843A-93BB1E359430}.Release|Any CPU.Build.0 = Release|Any CPU
		{3E3FBC49-1B3C-4D45-9151-2A09A7334C51}.Debug|Any CPU.ActiveCfg = Debug|Any CPU
		{3E3FBC49-1B3C-4D45-9151-2A09A7334C51}.Debug|Any CPU.Build.0 = Debug|Any CPU
		{3E3FBC49-1B3C-4D45-9151-2A09A7334C51}.Release|Any CPU.ActiveCfg = Release|Any CPU
		{3E3FBC49-1B3C-4D45-9151-2A09A7334C51}.Release|Any CPU.Build.0 = Release|Any CPU
		{739FD707-082C-4B8F-A06B-969EE8AF8EEA}.Debug|Any CPU.ActiveCfg = Debug|Any CPU
		{739FD707-082C-4B8F-A06B-969EE8AF8EEA}.Debug|Any CPU.Build.0 = Debug|Any CPU
		{739FD707-082C-4B8F-A06B-969EE8AF8EEA}.Release|Any CPU.ActiveCfg = Release|Any CPU
		{739FD707-082C-4B8F-A06B-969EE8AF8EEA}.Release|Any CPU.Build.0 = Release|Any CPU
		{A98D00CC-BF37-44EB-AFED-AB3B2AA0F9A6}.Debug|Any CPU.ActiveCfg = Debug|Any CPU
		{A98D00CC-BF37-44EB-AFED-AB3B2AA0F9A6}.Debug|Any CPU.Build.0 = Debug|Any CPU
		{A98D00CC-BF37-44EB-AFED-AB3B2AA0F9A6}.Release|Any CPU.ActiveCfg = Release|Any CPU
		{A98D00CC-BF37-44EB-AFED-AB3B2AA0F9A6}.Release|Any CPU.Build.0 = Release|Any CPU
	EndGlobalSection
	GlobalSection(SolutionProperties) = preSolution
		HideSolutionNode = FALSE
	EndGlobalSection
EndGlobal
